// !$*UTF8*$!
{
	archiveVersion = 1;
	classes = {
	};
	objectVersion = 46;
	objects = {

/* Begin PBXBuildFile section */
		035C76B21CFA7F0E0082E5F9 /* main.m in Sources */ = {isa = PBXBuildFile; fileRef = 035C76B11CFA7F0E0082E5F9 /* main.m */; };
		035C76B51CFA7F0E0082E5F9 /* AppDelegate.m in Sources */ = {isa = PBXBuildFile; fileRef = 035C76B41CFA7F0E0082E5F9 /* AppDelegate.m */; };
		035C76B81CFA7F0E0082E5F9 /* ViewController.m in Sources */ = {isa = PBXBuildFile; fileRef = 035C76B71CFA7F0E0082E5F9 /* ViewController.m */; };
		035C76BB1CFA7F0E0082E5F9 /* Main.storyboard in Resources */ = {isa = PBXBuildFile; fileRef = 035C76B91CFA7F0E0082E5F9 /* Main.storyboard */; };
		035C76BD1CFA7F0E0082E5F9 /* Assets.xcassets in Resources */ = {isa = PBXBuildFile; fileRef = 035C76BC1CFA7F0E0082E5F9 /* Assets.xcassets */; };
		035C76C01CFA7F0E0082E5F9 /* LaunchScreen.storyboard in Resources */ = {isa = PBXBuildFile; fileRef = 035C76BE1CFA7F0E0082E5F9 /* LaunchScreen.storyboard */; };
		035C76CB1CFA7F0E0082E5F9 /* SDWebImageDemonTests.m in Sources */ = {isa = PBXBuildFile; fileRef = 035C76CA1CFA7F0E0082E5F9 /* SDWebImageDemonTests.m */; };
		035C76D61CFA7F0E0082E5F9 /* SDWebImageDemonUITests.m in Sources */ = {isa = PBXBuildFile; fileRef = 035C76D51CFA7F0E0082E5F9 /* SDWebImageDemonUITests.m */; };
/* End PBXBuildFile section */

/* Begin PBXContainerItemProxy section */
		035C76C71CFA7F0E0082E5F9 /* PBXContainerItemProxy */ = {
			isa = PBXContainerItemProxy;
			containerPortal = 035C76A51CFA7F0D0082E5F9 /* Project object */;
			proxyType = 1;
			remoteGlobalIDString = 035C76AC1CFA7F0E0082E5F9;
			remoteInfo = SDWebImageDemon;
		};
		035C76D21CFA7F0E0082E5F9 /* PBXContainerItemProxy */ = {
			isa = PBXContainerItemProxy;
			containerPortal = 035C76A51CFA7F0D0082E5F9 /* Project object */;
			proxyType = 1;
			remoteGlobalIDString = 035C76AC1CFA7F0E0082E5F9;
			remoteInfo = SDWebImageDemon;
		};
/* End PBXContainerItemProxy section */

/* Begin PBXFileReference section */
		035C76AD1CFA7F0E0082E5F9 /* SDWebImageDemon.app */ = {isa = PBXFileReference; explicitFileType = wrapper.application; includeInIndex = 0; path = SDWebImageDemon.app; sourceTree = BUILT_PRODUCTS_DIR; };
		035C76B11CFA7F0E0082E5F9 /* main.m */ = {isa = PBXFileReference; lastKnownFileType = sourcecode.c.objc; path = main.m; sourceTree = "<group>"; };
		035C76B31CFA7F0E0082E5F9 /* AppDelegate.h */ = {isa = PBXFileReference; lastKnownFileType = sourcecode.c.h; path = AppDelegate.h; sourceTree = "<group>"; };
		035C76B41CFA7F0E0082E5F9 /* AppDelegate.m */ = {isa = PBXFileReference; lastKnownFileType = sourcecode.c.objc; path = AppDelegate.m; sourceTree = "<group>"; };
		035C76B61CFA7F0E0082E5F9 /* ViewController.h */ = {isa = PBXFileReference; lastKnownFileType = sourcecode.c.h; path = ViewController.h; sourceTree = "<group>"; };
		035C76B71CFA7F0E0082E5F9 /* ViewController.m */ = {isa = PBXFileReference; lastKnownFileType = sourcecode.c.objc; path = ViewController.m; sourceTree = "<group>"; };
		035C76BA1CFA7F0E0082E5F9 /* Base */ = {isa = PBXFileReference; lastKnownFileType = file.storyboard; name = Base; path = Base.lproj/Main.storyboard; sourceTree = "<group>"; };
		035C76BC1CFA7F0E0082E5F9 /* Assets.xcassets */ = {isa = PBXFileReference; lastKnownFileType = folder.assetcatalog; path = Assets.xcassets; sourceTree = "<group>"; };
		035C76BF1CFA7F0E0082E5F9 /* Base */ = {isa = PBXFileReference; lastKnownFileType = file.storyboard; name = Base; path = Base.lproj/LaunchScreen.storyboard; sourceTree = "<group>"; };
		035C76C11CFA7F0E0082E5F9 /* Info.plist */ = {isa = PBXFileReference; lastKnownFileType = text.plist.xml; path = Info.plist; sourceTree = "<group>"; };
		035C76C61CFA7F0E0082E5F9 /* SDWebImageDemonTests.xctest */ = {isa = PBXFileReference; explicitFileType = wrapper.cfbundle; includeInIndex = 0; path = SDWebImageDemonTests.xctest; sourceTree = BUILT_PRODUCTS_DIR; };
		035C76CA1CFA7F0E0082E5F9 /* SDWebImageDemonTests.m */ = {isa = PBXFileReference; lastKnownFileType = sourcecode.c.objc; path = SDWebImageDemonTests.m; sourceTree = "<group>"; };
		035C76CC1CFA7F0E0082E5F9 /* Info.plist */ = {isa = PBXFileReference; lastKnownFileType = text.plist.xml; path = Info.plist; sourceTree = "<group>"; };
		035C76D11CFA7F0E0082E5F9 /* SDWebImageDemonUITests.xctest */ = {isa = PBXFileReference; explicitFileType = wrapper.cfbundle; includeInIndex = 0; path = SDWebImageDemonUITests.xctest; sourceTree = BUILT_PRODUCTS_DIR; };
		035C76D51CFA7F0E0082E5F9 /* SDWebImageDemonUITests.m */ = {isa = PBXFileReference; lastKnownFileType = sourcecode.c.objc; path = SDWebImageDemonUITests.m; sourceTree = "<group>"; };
		035C76D71CFA7F0E0082E5F9 /* Info.plist */ = {isa = PBXFileReference; lastKnownFileType = text.plist.xml; path = Info.plist; sourceTree = "<group>"; };
/* End PBXFileReference section */

/* Begin PBXFrameworksBuildPhase section */
		035C76AA1CFA7F0E0082E5F9 /* Frameworks */ = {
			isa = PBXFrameworksBuildPhase;
			buildActionMask = 2147483647;
			files = (
			);
			runOnlyForDeploymentPostprocessing = 0;
		};
		035C76C31CFA7F0E0082E5F9 /* Frameworks */ = {
			isa = PBXFrameworksBuildPhase;
			buildActionMask = 2147483647;
			files = (
			);
			runOnlyForDeploymentPostprocessing = 0;
		};
		035C76CE1CFA7F0E0082E5F9 /* Frameworks */ = {
			isa = PBXFrameworksBuildPhase;
			buildActionMask = 2147483647;
			files = (
			);
			runOnlyForDeploymentPostprocessing = 0;
		};
/* End PBXFrameworksBuildPhase section */

/* Begin PBXGroup section */
		035C76A41CFA7F0D0082E5F9 = {
			isa = PBXGroup;
			children = (
				035C76AF1CFA7F0E0082E5F9 /* SDWebImageDemon */,
				035C76C91CFA7F0E0082E5F9 /* SDWebImageDemonTests */,
				035C76D41CFA7F0E0082E5F9 /* SDWebImageDemonUITests */,
				035C76AE1CFA7F0E0082E5F9 /* Products */,
			);
			sourceTree = "<group>";
		};
		035C76AE1CFA7F0E0082E5F9 /* Products */ = {
			isa = PBXGroup;
			children = (
				035C76AD1CFA7F0E0082E5F9 /* SDWebImageDemon.app */,
				035C76C61CFA7F0E0082E5F9 /* SDWebImageDemonTests.xctest */,
				035C76D11CFA7F0E0082E5F9 /* SDWebImageDemonUITests.xctest */,
			);
			name = Products;
			sourceTree = "<group>";
		};
		035C76AF1CFA7F0E0082E5F9 /* SDWebImageDemon */ = {
			isa = PBXGroup;
			children = (
				035C76B31CFA7F0E0082E5F9 /* AppDelegate.h */,
				035C76B41CFA7F0E0082E5F9 /* AppDelegate.m */,
				035C76B61CFA7F0E0082E5F9 /* ViewController.h */,
				035C76B71CFA7F0E0082E5F9 /* ViewController.m */,
				035C76B91CFA7F0E0082E5F9 /* Main.storyboard */,
				035C76BC1CFA7F0E0082E5F9 /* Assets.xcassets */,
				035C76BE1CFA7F0E0082E5F9 /* LaunchScreen.storyboard */,
				035C76C11CFA7F0E0082E5F9 /* Info.plist */,
				035C76B01CFA7F0E0082E5F9 /* Supporting Files */,
			);
			path = SDWebImageDemon;
			sourceTree = "<group>";
		};
		035C76B01CFA7F0E0082E5F9 /* Supporting Files */ = {
			isa = PBXGroup;
			children = (
				035C76B11CFA7F0E0082E5F9 /* main.m */,
			);
			name = "Supporting Files";
			sourceTree = "<group>";
		};
		035C76C91CFA7F0E0082E5F9 /* SDWebImageDemonTests */ = {
			isa = PBXGroup;
			children = (
				035C76CA1CFA7F0E0082E5F9 /* SDWebImageDemonTests.m */,
				035C76CC1CFA7F0E0082E5F9 /* Info.plist */,
			);
			path = SDWebImageDemonTests;
			sourceTree = "<group>";
		};
		035C76D41CFA7F0E0082E5F9 /* SDWebImageDemonUITests */ = {
			isa = PBXGroup;
			children = (
				035C76D51CFA7F0E0082E5F9 /* SDWebImageDemonUITests.m */,
				035C76D71CFA7F0E0082E5F9 /* Info.plist */,
			);
			path = SDWebImageDemonUITests;
			sourceTree = "<group>";
		};
/* End PBXGroup section */

/* Begin PBXNativeTarget section */
		035C76AC1CFA7F0E0082E5F9 /* SDWebImageDemon */ = {
			isa = PBXNativeTarget;
			buildConfigurationList = 035C76DA1CFA7F0E0082E5F9 /* Build configuration list for PBXNativeTarget "SDWebImageDemon" */;
			buildPhases = (
				035C76A91CFA7F0E0082E5F9 /* Sources */,
				035C76AA1CFA7F0E0082E5F9 /* Frameworks */,
				035C76AB1CFA7F0E0082E5F9 /* Resources */,
			);
			buildRules = (
			);
			dependencies = (
			);
			name = SDWebImageDemon;
			productName = SDWebImageDemon;
			productReference = 035C76AD1CFA7F0E0082E5F9 /* SDWebImageDemon.app */;
			productType = "com.apple.product-type.application";
		};
		035C76C51CFA7F0E0082E5F9 /* SDWebImageDemonTests */ = {
			isa = PBXNativeTarget;
			buildConfigurationList = 035C76DD1CFA7F0E0082E5F9 /* Build configuration list for PBXNativeTarget "SDWebImageDemonTests" */;
			buildPhases = (
				035C76C21CFA7F0E0082E5F9 /* Sources */,
				035C76C31CFA7F0E0082E5F9 /* Frameworks */,
				035C76C41CFA7F0E0082E5F9 /* Resources */,
			);
			buildRules = (
			);
			dependencies = (
				035C76C81CFA7F0E0082E5F9 /* PBXTargetDependency */,
			);
			name = SDWebImageDemonTests;
			productName = SDWebImageDemonTests;
			productReference = 035C76C61CFA7F0E0082E5F9 /* SDWebImageDemonTests.xctest */;
			productType = "com.apple.product-type.bundle.unit-test";
		};
		035C76D01CFA7F0E0082E5F9 /* SDWebImageDemonUITests */ = {
			isa = PBXNativeTarget;
			buildConfigurationList = 035C76E01CFA7F0E0082E5F9 /* Build configuration list for PBXNativeTarget "SDWebImageDemonUITests" */;
			buildPhases = (
				035C76CD1CFA7F0E0082E5F9 /* Sources */,
				035C76CE1CFA7F0E0082E5F9 /* Frameworks */,
				035C76CF1CFA7F0E0082E5F9 /* Resources */,
			);
			buildRules = (
			);
			dependencies = (
				035C76D31CFA7F0E0082E5F9 /* PBXTargetDependency */,
			);
			name = SDWebImageDemonUITests;
			productName = SDWebImageDemonUITests;
			productReference = 035C76D11CFA7F0E0082E5F9 /* SDWebImageDemonUITests.xctest */;
			productType = "com.apple.product-type.bundle.ui-testing";
		};
/* End PBXNativeTarget section */

/* Begin PBXProject section */
		035C76A51CFA7F0D0082E5F9 /* Project object */ = {
			isa = PBXProject;
			attributes = {
				LastUpgradeCheck = 0730;
				ORGANIZATIONNAME = SevenCelsius;
				TargetAttributes = {
					035C76AC1CFA7F0E0082E5F9 = {
						CreatedOnToolsVersion = 7.3.1;
						DevelopmentTeam = AJ4YA27V26;
					};
					035C76C51CFA7F0E0082E5F9 = {
						CreatedOnToolsVersion = 7.3.1;
						DevelopmentTeam = AJ4YA27V26;
						TestTargetID = 035C76AC1CFA7F0E0082E5F9;
					};
					035C76D01CFA7F0E0082E5F9 = {
						CreatedOnToolsVersion = 7.3.1;
						DevelopmentTeam = AJ4YA27V26;
						TestTargetID = 035C76AC1CFA7F0E0082E5F9;
					};
				};
			};
			buildConfigurationList = 035C76A81CFA7F0D0082E5F9 /* Build configuration list for PBXProject "SDWebImageDemon" */;
			compatibilityVersion = "Xcode 3.2";
			developmentRegion = English;
			hasScannedForEncodings = 0;
			knownRegions = (
				en,
				Base,
			);
			mainGroup = 035C76A41CFA7F0D0082E5F9;
			productRefGroup = 035C76AE1CFA7F0E0082E5F9 /* Products */;
			projectDirPath = "";
			projectRoot = "";
			targets = (
				035C76AC1CFA7F0E0082E5F9 /* SDWebImageDemon */,
				035C76C51CFA7F0E0082E5F9 /* SDWebImageDemonTests */,
				035C76D01CFA7F0E0082E5F9 /* SDWebImageDemonUITests */,
			);
		};
/* End PBXProject section */

/* Begin PBXResourcesBuildPhase section */
		035C76AB1CFA7F0E0082E5F9 /* Resources */ = {
			isa = PBXResourcesBuildPhase;
			buildActionMask = 2147483647;
			files = (
				035C76C01CFA7F0E0082E5F9 /* LaunchScreen.storyboard in Resources */,
				035C76BD1CFA7F0E0082E5F9 /* Assets.xcassets in Resources */,
				035C76BB1CFA7F0E0082E5F9 /* Main.storyboard in Resources */,
			);
			runOnlyForDeploymentPostprocessing = 0;
		};
		035C76C41CFA7F0E0082E5F9 /* Resources */ = {
			isa = PBXResourcesBuildPhase;
			buildActionMask = 2147483647;
			files = (
			);
			runOnlyForDeploymentPostprocessing = 0;
		};
		035C76CF1CFA7F0E0082E5F9 /* Resources */ = {
			isa = PBXResourcesBuildPhase;
			buildActionMask = 2147483647;
			files = (
			);
			runOnlyForDeploymentPostprocessing = 0;
		};
/* End PBXResourcesBuildPhase section */

/* Begin PBXSourcesBuildPhase section */
		035C76A91CFA7F0E0082E5F9 /* Sources */ = {
			isa = PBXSourcesBuildPhase;
			buildActionMask = 2147483647;
			files = (
				035C76B81CFA7F0E0082E5F9 /* ViewController.m in Sources */,
				035C76B51CFA7F0E0082E5F9 /* AppDelegate.m in Sources */,
				035C76B21CFA7F0E0082E5F9 /* main.m in Sources */,
			);
			runOnlyForDeploymentPostprocessing = 0;
		};
		035C76C21CFA7F0E0082E5F9 /* Sources */ = {
			isa = PBXSourcesBuildPhase;
			buildActionMask = 2147483647;
			files = (
				035C76CB1CFA7F0E0082E5F9 /* SDWebImageDemonTests.m in Sources */,
			);
			runOnlyForDeploymentPostprocessing = 0;
		};
		035C76CD1CFA7F0E0082E5F9 /* Sources */ = {
			isa = PBXSourcesBuildPhase;
			buildActionMask = 2147483647;
			files = (
				035C76D61CFA7F0E0082E5F9 /* SDWebImageDemonUITests.m in Sources */,
			);
			runOnlyForDeploymentPostprocessing = 0;
		};
/* End PBXSourcesBuildPhase section */

/* Begin PBXTargetDependency section */
		035C76C81CFA7F0E0082E5F9 /* PBXTargetDependency */ = {
			isa = PBXTargetDependency;
			target = 035C76AC1CFA7F0E0082E5F9 /* SDWebImageDemon */;
			targetProxy = 035C76C71CFA7F0E0082E5F9 /* PBXContainerItemProxy */;
		};
		035C76D31CFA7F0E0082E5F9 /* PBXTargetDependency */ = {
			isa = PBXTargetDependency;
			target = 035C76AC1CFA7F0E0082E5F9 /* SDWebImageDemon */;
			targetProxy = 035C76D21CFA7F0E0082E5F9 /* PBXContainerItemProxy */;
		};
/* End PBXTargetDependency section */

/* Begin PBXVariantGroup section */
		035C76B91CFA7F0E0082E5F9 /* Main.storyboard */ = {
			isa = PBXVariantGroup;
			children = (
				035C76BA1CFA7F0E0082E5F9 /* Base */,
			);
			name = Main.storyboard;
			sourceTree = "<group>";
		};
		035C76BE1CFA7F0E0082E5F9 /* LaunchScreen.storyboard */ = {
			isa = PBXVariantGroup;
			children = (
				035C76BF1CFA7F0E0082E5F9 /* Base */,
			);
			name = LaunchScreen.storyboard;
			sourceTree = "<group>";
		};
/* End PBXVariantGroup section */

/* Begin XCBuildConfiguration section */
		035C76D81CFA7F0E0082E5F9 /* Debug */ = {
			isa = XCBuildConfiguration;
			buildSettings = {
				ALWAYS_SEARCH_USER_PATHS = NO;
				CLANG_ANALYZER_NONNULL = YES;
				CLANG_CXX_LANGUAGE_STANDARD = "gnu++0x";
				CLANG_CXX_LIBRARY = "libc++";
				CLANG_ENABLE_MODULES = YES;
				CLANG_ENABLE_OBJC_ARC = YES;
				CLANG_WARN_BOOL_CONVERSION = YES;
				CLANG_WARN_CONSTANT_CONVERSION = YES;
				CLANG_WARN_DIRECT_OBJC_ISA_USAGE = YES_ERROR;
				CLANG_WARN_EMPTY_BODY = YES;
				CLANG_WARN_ENUM_CONVERSION = YES;
				CLANG_WARN_INT_CONVERSION = YES;
				CLANG_WARN_OBJC_ROOT_CLASS = YES_ERROR;
				CLANG_WARN_UNREACHABLE_CODE = YES;
				CLANG_WARN__DUPLICATE_METHOD_MATCH = YES;
				"CODE_SIGN_IDENTITY[sdk=iphoneos*]" = "iPhone Developer";
				COPY_PHASE_STRIP = NO;
				DEBUG_INFORMATION_FORMAT = dwarf;
				ENABLE_STRICT_OBJC_MSGSEND = YES;
				ENABLE_TESTABILITY = YES;
				GCC_C_LANGUAGE_STANDARD = gnu99;
				GCC_DYNAMIC_NO_PIC = NO;
				GCC_NO_COMMON_BLOCKS = YES;
				GCC_OPTIMIZATION_LEVEL = 0;
				GCC_PREPROCESSOR_DEFINITIONS = (
					"DEBUG=1",
					"$(inherited)",
				);
				GCC_WARN_64_TO_32_BIT_CONVERSION = YES;
				GCC_WARN_ABOUT_RETURN_TYPE = YES_ERROR;
				GCC_WARN_UNDECLARED_SELECTOR = YES;
				GCC_WARN_UNINITIALIZED_AUTOS = YES_AGGRESSIVE;
				GCC_WARN_UNUSED_FUNCTION = YES;
				GCC_WARN_UNUSED_VARIABLE = YES;
				IPHONEOS_DEPLOYMENT_TARGET = 9.3;
				MTL_ENABLE_DEBUG_INFO = YES;
				ONLY_ACTIVE_ARCH = YES;
				SDKROOT = iphoneos;
			};
			name = Debug;
		};
		035C76D91CFA7F0E0082E5F9 /* Release */ = {
			isa = XCBuildConfiguration;
			buildSettings = {
				ALWAYS_SEARCH_USER_PATHS = NO;
				CLANG_ANALYZER_NONNULL = YES;
				CLANG_CXX_LANGUAGE_STANDARD = "gnu++0x";
				CLANG_CXX_LIBRARY = "libc++";
				CLANG_ENABLE_MODULES = YES;
				CLANG_ENABLE_OBJC_ARC = YES;
				CLANG_WARN_BOOL_CONVERSION = YES;
				CLANG_WARN_CONSTANT_CONVERSION = YES;
				CLANG_WARN_DIRECT_OBJC_ISA_USAGE = YES_ERROR;
				CLANG_WARN_EMPTY_BODY = YES;
				CLANG_WARN_ENUM_CONVERSION = YES;
				CLANG_WARN_INT_CONVERSION = YES;
				CLANG_WARN_OBJC_ROOT_CLASS = YES_ERROR;
				CLANG_WARN_UNREACHABLE_CODE = YES;
				CLANG_WARN__DUPLICATE_METHOD_MATCH = YES;
				"CODE_SIGN_IDENTITY[sdk=iphoneos*]" = "iPhone Developer";
				COPY_PHASE_STRIP = NO;
				DEBUG_INFORMATION_FORMAT = "dwarf-with-dsym";
				ENABLE_NS_ASSERTIONS = NO;
				ENABLE_STRICT_OBJC_MSGSEND = YES;
				GCC_C_LANGUAGE_STANDARD = gnu99;
				GCC_NO_COMMON_BLOCKS = YES;
				GCC_WARN_64_TO_32_BIT_CONVERSION = YES;
				GCC_WARN_ABOUT_RETURN_TYPE = YES_ERROR;
				GCC_WARN_UNDECLARED_SELECTOR = YES;
				GCC_WARN_UNINITIALIZED_AUTOS = YES_AGGRESSIVE;
				GCC_WARN_UNUSED_FUNCTION = YES;
				GCC_WARN_UNUSED_VARIABLE = YES;
				IPHONEOS_DEPLOYMENT_TARGET = 9.3;
				MTL_ENABLE_DEBUG_INFO = NO;
				SDKROOT = iphoneos;
				VALIDATE_PRODUCT = YES;
			};
			name = Release;
		};
		035C76DB1CFA7F0E0082E5F9 /* Debug */ = {
			isa = XCBuildConfiguration;
			buildSettings = {
				ASSETCATALOG_COMPILER_APPICON_NAME = AppIcon;
				INFOPLIST_FILE = SDWebImageDemon/Info.plist;
				LD_RUNPATH_SEARCH_PATHS = "$(inherited) @executable_path/Frameworks";
				PRODUCT_BUNDLE_IDENTIFIER = com.sevencelsius.SDWebImageDemon;
				PRODUCT_NAME = "$(TARGET_NAME)";
			};
			name = Debug;
		};
		035C76DC1CFA7F0E0082E5F9 /* Release */ = {
			isa = XCBuildConfiguration;
			buildSettings = {
				ASSETCATALOG_COMPILER_APPICON_NAME = AppIcon;
				INFOPLIST_FILE = SDWebImageDemon/Info.plist;
				LD_RUNPATH_SEARCH_PATHS = "$(inherited) @executable_path/Frameworks";
				PRODUCT_BUNDLE_IDENTIFIER = com.sevencelsius.SDWebImageDemon;
				PRODUCT_NAME = "$(TARGET_NAME)";
			};
			name = Release;
		};
		035C76DE1CFA7F0E0082E5F9 /* Debug */ = {
			isa = XCBuildConfiguration;
			buildSettings = {
				BUNDLE_LOADER = "$(TEST_HOST)";
				INFOPLIST_FILE = SDWebImageDemonTests/Info.plist;
				LD_RUNPATH_SEARCH_PATHS = "$(inherited) @executable_path/Frameworks @loader_path/Frameworks";
				PRODUCT_BUNDLE_IDENTIFIER = com.sevencelsius.SDWebImageDemonTests;
				PRODUCT_NAME = "$(TARGET_NAME)";
				TEST_HOST = "$(BUILT_PRODUCTS_DIR)/SDWebImageDemon.app/SDWebImageDemon";
			};
			name = Debug;
		};
		035C76DF1CFA7F0E0082E5F9 /* Release */ = {
			isa = XCBuildConfiguration;
			buildSettings = {
				BUNDLE_LOADER = "$(TEST_HOST)";
				INFOPLIST_FILE = SDWebImageDemonTests/Info.plist;
				LD_RUNPATH_SEARCH_PATHS = "$(inherited) @executable_path/Frameworks @loader_path/Frameworks";
				PRODUCT_BUNDLE_IDENTIFIER = com.sevencelsius.SDWebImageDemonTests;
				PRODUCT_NAME = "$(TARGET_NAME)";
				TEST_HOST = "$(BUILT_PRODUCTS_DIR)/SDWebImageDemon.app/SDWebImageDemon";
			};
			name = Release;
		};
		035C76E11CFA7F0E0082E5F9 /* Debug */ = {
			isa = XCBuildConfiguration;
			buildSettings = {
				INFOPLIST_FILE = SDWebImageDemonUITests/Info.plist;
				LD_RUNPATH_SEARCH_PATHS = "$(inherited) @executable_path/Frameworks @loader_path/Frameworks";
				PRODUCT_BUNDLE_IDENTIFIER = com.sevencelsius.SDWebImageDemonUITests;
				PRODUCT_NAME = "$(TARGET_NAME)";
				TEST_TARGET_NAME = SDWebImageDemon;
			};
			name = Debug;
		};
		035C76E21CFA7F0E0082E5F9 /* Release */ = {
			isa = XCBuildConfiguration;
			buildSettings = {
				INFOPLIST_FILE = SDWebImageDemonUITests/Info.plist;
				LD_RUNPATH_SEARCH_PATHS = "$(inherited) @executable_path/Frameworks @loader_path/Frameworks";
				PRODUCT_BUNDLE_IDENTIFIER = com.sevencelsius.SDWebImageDemonUITests;
				PRODUCT_NAME = "$(TARGET_NAME)";
				TEST_TARGET_NAME = SDWebImageDemon;
			};
			name = Release;
		};
/* End XCBuildConfiguration section */

/* Begin XCConfigurationList section */
		035C76A81CFA7F0D0082E5F9 /* Build configuration list for PBXProject "SDWebImageDemon" */ = {
			isa = XCConfigurationList;
			buildConfigurations = (
				035C76D81CFA7F0E0082E5F9 /* Debug */,
				035C76D91CFA7F0E0082E5F9 /* Release */,
			);
			defaultConfigurationIsVisible = 0;
			defaultConfigurationName = Release;
		};
		035C76DA1CFA7F0E0082E5F9 /* Build configuration list for PBXNativeTarget "SDWebImageDemon" */ = {
			isa = XCConfigurationList;
			buildConfigurations = (
				035C76DB1CFA7F0E0082E5F9 /* Debug */,
				035C76DC1CFA7F0E0082E5F9 /* Release */,
			);
			defaultConfigurationIsVisible = 0;
		};
		035C76DD1CFA7F0E0082E5F9 /* Build configuration list for PBXNativeTarget "SDWebImageDemonTests" */ = {
			isa = XCConfigurationList;
			buildConfigurations = (
				035C76DE1CFA7F0E0082E5F9 /* Debug */,
				035C76DF1CFA7F0E0082E5F9 /* Release */,
			);
			defaultConfigurationIsVisible = 0;
		};
		035C76E01CFA7F0E0082E5F9 /* Build configuration list for PBXNativeTarget "SDWebImageDemonUITests" */ = {
			isa = XCConfigurationList;
			buildConfigurations = (
				035C76E11CFA7F0E0082E5F9 /* Debug */,
				035C76E21CFA7F0E0082E5F9 /* Release */,
			);
			defaultConfigurationIsVisible = 0;
		};
/* End XCConfigurationList section */
	};
	rootObject = 035C76A51CFA7F0D0082E5F9 /* Project object */;
}
